
Microsoft Visual Studio Solution File, Format Version 12.00
# Visual Studio 2017
Project("{FAE04EC0-301F-11D3-BF4B-00C04F79EFBC}") = "VR_RTS", "VR_RTS.csproj", "{A360EFCB-F57D-6F2E-81EF-239C7324BA3A}"
EndProject
Project("{FAE04EC0-301F-11D3-BF4B-00C04F79EFBC}") = "VR_RTS.Editor", "VR_RTS.Editor.csproj", "{F42FFB7E-ED61-5053-7B30-63DF38FD54A3}"
EndProject
Global
	GlobalSection(SolutionConfigurationPlatforms) = preSolution
		Debug|Any CPU = Debug|Any CPU
		Release|Any CPU = Release|Any CPU
	EndGlobalSection
	GlobalSection(ProjectConfigurationPlatforms) = postSolution
		{A360EFCB-F57D-6F2E-81EF-239C7324BA3A}.Debug|Any CPU.ActiveCfg = Debug|Any CPU
		{A360EFCB-F57D-6F2E-81EF-239C7324BA3A}.Debug|Any CPU.Build.0 = Debug|Any CPU
		{A360EFCB-F57D-6F2E-81EF-239C7324BA3A}.Release|Any CPU.ActiveCfg = Release|Any CPU
		{A360EFCB-F57D-6F2E-81EF-239C7324BA3A}.Release|Any CPU.Build.0 = Release|Any CPU
		{F42FFB7E-ED61-5053-7B30-63DF38FD54A3}.Debug|Any CPU.ActiveCfg = Debug|Any CPU
		{F42FFB7E-ED61-5053-7B30-63DF38FD54A3}.Debug|Any CPU.Build.0 = Debug|Any CPU
		{F42FFB7E-ED61-5053-7B30-63DF38FD54A3}.Release|Any CPU.ActiveCfg = Release|Any CPU
		{F42FFB7E-ED61-5053-7B30-63DF38FD54A3}.Release|Any CPU.Build.0 = Release|Any CPU
	EndGlobalSection
	GlobalSection(SolutionProperties) = preSolution
		HideSolutionNode = FALSE
	EndGlobalSection
EndGlobal
